
Microsoft Visual Studio Solution File, Format Version 12.00
# Visual Studio Version 17
VisualStudioVersion = 17.7.34031.279
MinimumVisualStudioVersion = 10.0.40219.1
Project("{FAE04EC0-301F-11D3-BF4B-00C04F79EFBC}") = "Buoi5", "Buoi5.csproj", "{4CA1BEE9-3BBC-4DCA-8296-9FE409926A88}"
EndProject
Global
	GlobalSection(SolutionConfigurationPlatforms) = preSolution
		Debug|Any CPU = Debug|Any CPU
		Release|Any CPU = Release|Any CPU
	EndGlobalSection
	GlobalSection(ProjectConfigurationPlatforms) = postSolution
		{4CA1BEE9-3BBC-4DCA-8296-9FE409926A88}.Debug|Any CPU.ActiveCfg = Debug|Any CPU
		{4CA1BEE9-3BBC-4DCA-8296-9FE409926A88}.Debug|Any CPU.Build.0 = Debug|Any CPU
		{4CA1BEE9-3BBC-4DCA-8296-9FE409926A88}.Release|Any CPU.ActiveCfg = Release|Any CPU
		{4CA1BEE9-3BBC-4DCA-8296-9FE409926A88}.Release|Any CPU.Build.0 = Release|Any CPU
	EndGlobalSection
	GlobalSection(SolutionProperties) = preSolution
		HideSolutionNode = FALSE
	EndGlobalSection
	GlobalSection(ExtensibilityGlobals) = postSolution
		SolutionGuid = {C420683A-328A-4E4B-8E8B-7A750471E6D6}
	EndGlobalSection
EndGlobal
